// !$*UTF8*$!
{
	archiveVersion = 1;
	classes = {
	};
	objectVersion = 51;
	objects = {

/* Begin PBXBuildFile section */
		3A885EAA22BC5021009FDBDD /* ScheduleVC.swift in Sources */ = {isa = PBXBuildFile; fileRef = 3A885EA922BC5021009FDBDD /* ScheduleVC.swift */; };
		3A9D8D2F22BC41C8002F4F65 /* LoginVC.swift in Sources */ = {isa = PBXBuildFile; fileRef = 3A9D8D2E22BC41C8002F4F65 /* LoginVC.swift */; };
		3A9D8D3122BC4826002F4F65 /* User.swift in Sources */ = {isa = PBXBuildFile; fileRef = 3A9D8D3022BC4826002F4F65 /* User.swift */; };
		3AAA0F3822CBBF5800E2FD6E /* LoadingVC.swift in Sources */ = {isa = PBXBuildFile; fileRef = 3AAA0F3722CBBF5800E2FD6E /* LoadingVC.swift */; };
		3ADCC7AA22BC3EFD00F9E580 /* AppDelegate.swift in Sources */ = {isa = PBXBuildFile; fileRef = 3ADCC7A922BC3EFD00F9E580 /* AppDelegate.swift */; };
		3ADCC7AF22BC3EFD00F9E580 /* Main.storyboard in Resources */ = {isa = PBXBuildFile; fileRef = 3ADCC7AD22BC3EFD00F9E580 /* Main.storyboard */; };
		3ADCC7B222BC3EFD00F9E580 /* HairPairSchedule.xcdatamodeld in Sources */ = {isa = PBXBuildFile; fileRef = 3ADCC7B022BC3EFD00F9E580 /* HairPairSchedule.xcdatamodeld */; };
		3ADCC7B422BC3EFE00F9E580 /* Assets.xcassets in Resources */ = {isa = PBXBuildFile; fileRef = 3ADCC7B322BC3EFE00F9E580 /* Assets.xcassets */; };
		3ADCC7B722BC3EFE00F9E580 /* LaunchScreen.storyboard in Resources */ = {isa = PBXBuildFile; fileRef = 3ADCC7B522BC3EFE00F9E580 /* LaunchScreen.storyboard */; };
		3ADCC7BF22BC3FDB00F9E580 /* GoogleService-Info.plist in Resources */ = {isa = PBXBuildFile; fileRef = 3ADCC7BE22BC3FDB00F9E580 /* GoogleService-Info.plist */; };
		3AFC674722BE94EC00E88D55 /* ScheduleTableVC.swift in Sources */ = {isa = PBXBuildFile; fileRef = 3AFC674622BE94EC00E88D55 /* ScheduleTableVC.swift */; };
		3AFC674922BE9CD000E88D55 /* ScheduleCell.swift in Sources */ = {isa = PBXBuildFile; fileRef = 3AFC674822BE9CD000E88D55 /* ScheduleCell.swift */; };
		3AFC674B22BE9F5400E88D55 /* Appointment.swift in Sources */ = {isa = PBXBuildFile; fileRef = 3AFC674A22BE9F5400E88D55 /* Appointment.swift */; };
		DAE9CC1E0B0FE33AEB83FE0B /* Pods_HairPairSchedule.framework in Frameworks */ = {isa = PBXBuildFile; fileRef = 8CFDBD1950147064D105FCB2 /* Pods_HairPairSchedule.framework */; };
/* End PBXBuildFile section */

/* Begin PBXFileReference section */
		02A159936D3568875F69814D /* Pods-HairPairSchedule.debug.xcconfig */ = {isa = PBXFileReference; includeInIndex = 1; lastKnownFileType = text.xcconfig; name = "Pods-HairPairSchedule.debug.xcconfig"; path = "Target Support Files/Pods-HairPairSchedule/Pods-HairPairSchedule.debug.xcconfig"; sourceTree = "<group>"; };
		3A885EA922BC5021009FDBDD /* ScheduleVC.swift */ = {isa = PBXFileReference; lastKnownFileType = sourcecode.swift; path = ScheduleVC.swift; sourceTree = "<group>"; };
		3A9D8D2E22BC41C8002F4F65 /* LoginVC.swift */ = {isa = PBXFileReference; fileEncoding = 4; lastKnownFileType = sourcecode.swift; path = LoginVC.swift; sourceTree = SOURCE_ROOT; };
		3A9D8D3022BC4826002F4F65 /* User.swift */ = {isa = PBXFileReference; lastKnownFileType = sourcecode.swift; path = User.swift; sourceTree = "<group>"; };
		3AAA0F3722CBBF5800E2FD6E /* LoadingVC.swift */ = {isa = PBXFileReference; lastKnownFileType = sourcecode.swift; path = LoadingVC.swift; sourceTree = "<group>"; };
		3ADCC7A622BC3EFD00F9E580 /* HairPairSchedule.app */ = {isa = PBXFileReference; explicitFileType = wrapper.application; includeInIndex = 0; path = HairPairSchedule.app; sourceTree = BUILT_PRODUCTS_DIR; };
		3ADCC7A922BC3EFD00F9E580 /* AppDelegate.swift */ = {isa = PBXFileReference; lastKnownFileType = sourcecode.swift; path = AppDelegate.swift; sourceTree = "<group>"; };
		3ADCC7AE22BC3EFD00F9E580 /* Base */ = {isa = PBXFileReference; lastKnownFileType = file.storyboard; name = Base; path = Base.lproj/Main.storyboard; sourceTree = "<group>"; };
		3ADCC7B122BC3EFD00F9E580 /* HairPairSchedule.xcdatamodel */ = {isa = PBXFileReference; lastKnownFileType = wrapper.xcdatamodel; path = HairPairSchedule.xcdatamodel; sourceTree = "<group>"; };
		3ADCC7B322BC3EFE00F9E580 /* Assets.xcassets */ = {isa = PBXFileReference; lastKnownFileType = folder.assetcatalog; path = Assets.xcassets; sourceTree = "<group>"; };
		3ADCC7B622BC3EFE00F9E580 /* Base */ = {isa = PBXFileReference; lastKnownFileType = file.storyboard; name = Base; path = Base.lproj/LaunchScreen.storyboard; sourceTree = "<group>"; };
		3ADCC7B822BC3EFE00F9E580 /* Info.plist */ = {isa = PBXFileReference; lastKnownFileType = text.plist.xml; path = Info.plist; sourceTree = "<group>"; };
		3ADCC7BE22BC3FDB00F9E580 /* GoogleService-Info.plist */ = {isa = PBXFileReference; fileEncoding = 4; lastKnownFileType = text.plist.xml; path = "GoogleService-Info.plist"; sourceTree = "<group>"; };
		3AFC674622BE94EC00E88D55 /* ScheduleTableVC.swift */ = {isa = PBXFileReference; lastKnownFileType = sourcecode.swift; path = ScheduleTableVC.swift; sourceTree = "<group>"; };
		3AFC674822BE9CD000E88D55 /* ScheduleCell.swift */ = {isa = PBXFileReference; lastKnownFileType = sourcecode.swift; path = ScheduleCell.swift; sourceTree = "<group>"; };
		3AFC674A22BE9F5400E88D55 /* Appointment.swift */ = {isa = PBXFileReference; lastKnownFileType = sourcecode.swift; path = Appointment.swift; sourceTree = "<group>"; };
		8CFDBD1950147064D105FCB2 /* Pods_HairPairSchedule.framework */ = {isa = PBXFileReference; explicitFileType = wrapper.framework; includeInIndex = 0; path = Pods_HairPairSchedule.framework; sourceTree = BUILT_PRODUCTS_DIR; };
		FC5322362610C5BD582775C3 /* Pods-HairPairSchedule.release.xcconfig */ = {isa = PBXFileReference; includeInIndex = 1; lastKnownFileType = text.xcconfig; name = "Pods-HairPairSchedule.release.xcconfig"; path = "Target Support Files/Pods-HairPairSchedule/Pods-HairPairSchedule.release.xcconfig"; sourceTree = "<group>"; };
/* End PBXFileReference section */

/* Begin PBXFrameworksBuildPhase section */
		3ADCC7A322BC3EFD00F9E580 /* Frameworks */ = {
			isa = PBXFrameworksBuildPhase;
			buildActionMask = 2147483647;
			files = (
				DAE9CC1E0B0FE33AEB83FE0B /* Pods_HairPairSchedule.framework in Frameworks */,
			);
			runOnlyForDeploymentPostprocessing = 0;
		};
/* End PBXFrameworksBuildPhase section */

/* Begin PBXGroup section */
		1E619C110B4F5EC5168C3424 /* Frameworks */ = {
			isa = PBXGroup;
			children = (
				8CFDBD1950147064D105FCB2 /* Pods_HairPairSchedule.framework */,
			);
			name = Frameworks;
			sourceTree = "<group>";
		};
		3ADCC79D22BC3EFD00F9E580 = {
			isa = PBXGroup;
			children = (
				3ADCC7A822BC3EFD00F9E580 /* HairPairSchedule */,
				3ADCC7A722BC3EFD00F9E580 /* Products */,
				6E40B45235DD5CB71DB735DF /* Pods */,
				1E619C110B4F5EC5168C3424 /* Frameworks */,
			);
			sourceTree = "<group>";
		};
		3ADCC7A722BC3EFD00F9E580 /* Products */ = {
			isa = PBXGroup;
			children = (
				3ADCC7A622BC3EFD00F9E580 /* HairPairSchedule.app */,
			);
			name = Products;
			sourceTree = "<group>";
		};
		3ADCC7A822BC3EFD00F9E580 /* HairPairSchedule */ = {
			isa = PBXGroup;
			children = (
				3ADCC7A922BC3EFD00F9E580 /* AppDelegate.swift */,
				3ADCC7AD22BC3EFD00F9E580 /* Main.storyboard */,
				3ADCC7B522BC3EFE00F9E580 /* LaunchScreen.storyboard */,
				3A9D8D2E22BC41C8002F4F65 /* LoginVC.swift */,
				3AAA0F3722CBBF5800E2FD6E /* LoadingVC.swift */,
				3A885EA922BC5021009FDBDD /* ScheduleVC.swift */,
				3AFC674622BE94EC00E88D55 /* ScheduleTableVC.swift */,
				3AFC674822BE9CD000E88D55 /* ScheduleCell.swift */,
				3A9D8D3022BC4826002F4F65 /* User.swift */,
				3AFC674A22BE9F5400E88D55 /* Appointment.swift */,
				3ADCC7B322BC3EFE00F9E580 /* Assets.xcassets */,
				3ADCC7B822BC3EFE00F9E580 /* Info.plist */,
				3ADCC7B022BC3EFD00F9E580 /* HairPairSchedule.xcdatamodeld */,
				3ADCC7BE22BC3FDB00F9E580 /* GoogleService-Info.plist */,
			);
			path = HairPairSchedule;
			sourceTree = "<group>";
		};
		6E40B45235DD5CB71DB735DF /* Pods */ = {
			isa = PBXGroup;
			children = (
				02A159936D3568875F69814D /* Pods-HairPairSchedule.debug.xcconfig */,
				FC5322362610C5BD582775C3 /* Pods-HairPairSchedule.release.xcconfig */,
			);
			path = Pods;
			sourceTree = "<group>";
		};
/* End PBXGroup section */

/* Begin PBXNativeTarget section */
		3ADCC7A522BC3EFD00F9E580 /* HairPairSchedule */ = {
			isa = PBXNativeTarget;
			buildConfigurationList = 3ADCC7BB22BC3EFE00F9E580 /* Build configuration list for PBXNativeTarget "HairPairSchedule" */;
			buildPhases = (
				8CDF683FB733B41B88A80F1D /* [CP] Check Pods Manifest.lock */,
				3ADCC7A222BC3EFD00F9E580 /* Sources */,
				3ADCC7A322BC3EFD00F9E580 /* Frameworks */,
				3ADCC7A422BC3EFD00F9E580 /* Resources */,
				512BD2AD2CE047A2460D103F /* [CP] Embed Pods Frameworks */,
			);
			buildRules = (
			);
			dependencies = (
			);
			name = HairPairSchedule;
			productName = HairPairSchedule;
			productReference = 3ADCC7A622BC3EFD00F9E580 /* HairPairSchedule.app */;
			productType = "com.apple.product-type.application";
		};
/* End PBXNativeTarget section */

/* Begin PBXProject section */
		3ADCC79E22BC3EFD00F9E580 /* Project object */ = {
			isa = PBXProject;
			attributes = {
				LastSwiftUpdateCheck = 1020;
				LastUpgradeCheck = 1020;
				ORGANIZATIONNAME = "Justin Vo";
				TargetAttributes = {
					3ADCC7A522BC3EFD00F9E580 = {
						CreatedOnToolsVersion = 10.2.1;
					};
				};
			};
			buildConfigurationList = 3ADCC7A122BC3EFD00F9E580 /* Build configuration list for PBXProject "HairPairSchedule" */;
			compatibilityVersion = "Xcode 9.3";
			developmentRegion = en;
			hasScannedForEncodings = 0;
			knownRegions = (
				en,
				Base,
			);
			mainGroup = 3ADCC79D22BC3EFD00F9E580;
			productRefGroup = 3ADCC7A722BC3EFD00F9E580 /* Products */;
			projectDirPath = "";
			projectRoot = "";
			targets = (
				3ADCC7A522BC3EFD00F9E580 /* HairPairSchedule */,
			);
		};
/* End PBXProject section */

/* Begin PBXResourcesBuildPhase section */
		3ADCC7A422BC3EFD00F9E580 /* Resources */ = {
			isa = PBXResourcesBuildPhase;
			buildActionMask = 2147483647;
			files = (
				3ADCC7B722BC3EFE00F9E580 /* LaunchScreen.storyboard in Resources */,
				3ADCC7BF22BC3FDB00F9E580 /* GoogleService-Info.plist in Resources */,
				3ADCC7B422BC3EFE00F9E580 /* Assets.xcassets in Resources */,
				3ADCC7AF22BC3EFD00F9E580 /* Main.storyboard in Resources */,
			);
			runOnlyForDeploymentPostprocessing = 0;
		};
/* End PBXResourcesBuildPhase section */

/* Begin PBXShellScriptBuildPhase section */
		512BD2AD2CE047A2460D103F /* [CP] Embed Pods Frameworks */ = {
			isa = PBXShellScriptBuildPhase;
			buildActionMask = 2147483647;
			files = (
			);
			inputFileListPaths = (
				"${PODS_ROOT}/Target Support Files/Pods-HairPairSchedule/Pods-HairPairSchedule-frameworks-${CONFIGURATION}-input-files.xcfilelist",
			);
			name = "[CP] Embed Pods Frameworks";
			outputFileListPaths = (
				"${PODS_ROOT}/Target Support Files/Pods-HairPairSchedule/Pods-HairPairSchedule-frameworks-${CONFIGURATION}-output-files.xcfilelist",
			);
			runOnlyForDeploymentPostprocessing = 0;
			shellPath = /bin/sh;
			shellScript = "\"${PODS_ROOT}/Target Support Files/Pods-HairPairSchedule/Pods-HairPairSchedule-frameworks.sh\"\n";
			showEnvVarsInLog = 0;
		};
		8CDF683FB733B41B88A80F1D /* [CP] Check Pods Manifest.lock */ = {
			isa = PBXShellScriptBuildPhase;
			buildActionMask = 2147483647;
			files = (
			);
			inputFileListPaths = (
			);
			inputPaths = (
				"${PODS_PODFILE_DIR_PATH}/Podfile.lock",
				"${PODS_ROOT}/Manifest.lock",
			);
			name = "[CP] Check Pods Manifest.lock";
			outputFileListPaths = (
			);
			outputPaths = (
				"$(DERIVED_FILE_DIR)/Pods-HairPairSchedule-checkManifestLockResult.txt",
			);
			runOnlyForDeploymentPostprocessing = 0;
			shellPath = /bin/sh;
			shellScript = "diff \"${PODS_PODFILE_DIR_PATH}/Podfile.lock\" \"${PODS_ROOT}/Manifest.lock\" > /dev/null\nif [ $? != 0 ] ; then\n    # print error to STDERR\n    echo \"error: The sandbox is not in sync with the Podfile.lock. Run 'pod install' or update your CocoaPods installation.\" >&2\n    exit 1\nfi\n# This output is used by Xcode 'outputs' to avoid re-running this script phase.\necho \"SUCCESS\" > \"${SCRIPT_OUTPUT_FILE_0}\"\n";
			showEnvVarsInLog = 0;
		};
/* End PBXShellScriptBuildPhase section */

/* Begin PBXSourcesBuildPhase section */
		3ADCC7A222BC3EFD00F9E580 /* Sources */ = {
			isa = PBXSourcesBuildPhase;
			buildActionMask = 2147483647;
			files = (
				3A885EAA22BC5021009FDBDD /* ScheduleVC.swift in Sources */,
				3A9D8D3122BC4826002F4F65 /* User.swift in Sources */,
				3AAA0F3822CBBF5800E2FD6E /* LoadingVC.swift in Sources */,
				3ADCC7B222BC3EFD00F9E580 /* HairPairSchedule.xcdatamodeld in Sources */,
				3AFC674B22BE9F5400E88D55 /* Appointment.swift in Sources */,
				3AFC674922BE9CD000E88D55 /* ScheduleCell.swift in Sources */,
				3ADCC7AA22BC3EFD00F9E580 /* AppDelegate.swift in Sources */,
				3AFC674722BE94EC00E88D55 /* ScheduleTableVC.swift in Sources */,
				3A9D8D2F22BC41C8002F4F65 /* LoginVC.swift in Sources */,
			);
			runOnlyForDeploymentPostprocessing = 0;
		};
/* End PBXSourcesBuildPhase section */

/* Begin PBXVariantGroup section */
		3ADCC7AD22BC3EFD00F9E580 /* Main.storyboard */ = {
			isa = PBXVariantGroup;
			children = (
				3ADCC7AE22BC3EFD00F9E580 /* Base */,
			);
			name = Main.storyboard;
			sourceTree = "<group>";
		};
		3ADCC7B522BC3EFE00F9E580 /* LaunchScreen.storyboard */ = {
			isa = PBXVariantGroup;
			children = (
				3ADCC7B622BC3EFE00F9E580 /* Base */,
			);
			name = LaunchScreen.storyboard;
			sourceTree = "<group>";
		};
/* End PBXVariantGroup section */

/* Begin XCBuildConfiguration section */
		3ADCC7B922BC3EFE00F9E580 /* Debug */ = {
			isa = XCBuildConfiguration;
			buildSettings = {
				ALWAYS_SEARCH_USER_PATHS = NO;
				CLANG_ANALYZER_NONNULL = YES;
				CLANG_ANALYZER_NUMBER_OBJECT_CONVERSION = YES_AGGRESSIVE;
				CLANG_CXX_LANGUAGE_STANDARD = "gnu++14";
				CLANG_CXX_LIBRARY = "libc++";
				CLANG_ENABLE_MODULES = YES;
				CLANG_ENABLE_OBJC_ARC = YES;
				CLANG_ENABLE_OBJC_WEAK = YES;
				CLANG_WARN_BLOCK_CAPTURE_AUTORELEASING = YES;
				CLANG_WARN_BOOL_CONVERSION = YES;
				CLANG_WARN_COMMA = YES;
				CLANG_WARN_CONSTANT_CONVERSION = YES;
				CLANG_WARN_DEPRECATED_OBJC_IMPLEMENTATIONS = YES;
				CLANG_WARN_DIRECT_OBJC_ISA_USAGE = YES_ERROR;
				CLANG_WARN_DOCUMENTATION_COMMENTS = YES;
				CLANG_WARN_EMPTY_BODY = YES;
				CLANG_WARN_ENUM_CONVERSION = YES;
				CLANG_WARN_INFINITE_RECURSION = YES;
				CLANG_WARN_INT_CONVERSION = YES;
				CLANG_WARN_NON_LITERAL_NULL_CONVERSION = YES;
				CLANG_WARN_OBJC_IMPLICIT_RETAIN_SELF = YES;
				CLANG_WARN_OBJC_LITERAL_CONVERSION = YES;
				CLANG_WARN_OBJC_ROOT_CLASS = YES_ERROR;
				CLANG_WARN_RANGE_LOOP_ANALYSIS = YES;
				CLANG_WARN_STRICT_PROTOTYPES = YES;
				CLANG_WARN_SUSPICIOUS_MOVE = YES;
				CLANG_WARN_UNGUARDED_AVAILABILITY = YES_AGGRESSIVE;
				CLANG_WARN_UNREACHABLE_CODE = YES;
				CLANG_WARN__DUPLICATE_METHOD_MATCH = YES;
				CODE_SIGN_IDENTITY = "iPhone Developer";
				COPY_PHASE_STRIP = NO;
				DEBUG_INFORMATION_FORMAT = dwarf;
				ENABLE_STRICT_OBJC_MSGSEND = YES;
				ENABLE_TESTABILITY = YES;
				GCC_C_LANGUAGE_STANDARD = gnu11;
				GCC_DYNAMIC_NO_PIC = NO;
				GCC_NO_COMMON_BLOCKS = YES;
				GCC_OPTIMIZATION_LEVEL = 0;
				GCC_PREPROCESSOR_DEFINITIONS = (
					"DEBUG=1",
					"$(inherited)",
				);
				GCC_WARN_64_TO_32_BIT_CONVERSION = YES;
				GCC_WARN_ABOUT_RETURN_TYPE = YES_ERROR;
				GCC_WARN_UNDECLARED_SELECTOR = YES;
				GCC_WARN_UNINITIALIZED_AUTOS = YES_AGGRESSIVE;
				GCC_WARN_UNUSED_FUNCTION = YES;
				GCC_WARN_UNUSED_VARIABLE = YES;
				IPHONEOS_DEPLOYMENT_TARGET = 12.2;
				MTL_ENABLE_DEBUG_INFO = INCLUDE_SOURCE;
				MTL_FAST_MATH = YES;
				ONLY_ACTIVE_ARCH = YES;
				SDKROOT = iphoneos;
				SWIFT_ACTIVE_COMPILATION_CONDITIONS = DEBUG;
				SWIFT_OPTIMIZATION_LEVEL = "-Onone";
			};
			name = Debug;
		};
		3ADCC7BA22BC3EFE00F9E580 /* Release */ = {
			isa = XCBuildConfiguration;
			buildSettings = {
				ALWAYS_SEARCH_USER_PATHS = NO;
				CLANG_ANALYZER_NONNULL = YES;
				CLANG_ANALYZER_NUMBER_OBJECT_CONVERSION = YES_AGGRESSIVE;
				CLANG_CXX_LANGUAGE_STANDARD = "gnu++14";
				CLANG_CXX_LIBRARY = "libc++";
				CLANG_ENABLE_MODULES = YES;
				CLANG_ENABLE_OBJC_ARC = YES;
				CLANG_ENABLE_OBJC_WEAK = YES;
				CLANG_WARN_BLOCK_CAPTURE_AUTORELEASING = YES;
				CLANG_WARN_BOOL_CONVERSION = YES;
				CLANG_WARN_COMMA = YES;
				CLANG_WARN_CONSTANT_CONVERSION = YES;
				CLANG_WARN_DEPRECATED_OBJC_IMPLEMENTATIONS = YES;
				CLANG_WARN_DIRECT_OBJC_ISA_USAGE = YES_ERROR;
				CLANG_WARN_DOCUMENTATION_COMMENTS = YES;
				CLANG_WARN_EMPTY_BODY = YES;
				CLANG_WARN_ENUM_CONVERSION = YES;
				CLANG_WARN_INFINITE_RECURSION = YES;
				CLANG_WARN_INT_CONVERSION = YES;
				CLANG_WARN_NON_LITERAL_NULL_CONVERSION = YES;
				CLANG_WARN_OBJC_IMPLICIT_RETAIN_SELF = YES;
				CLANG_WARN_OBJC_LITERAL_CONVERSION = YES;
				CLANG_WARN_OBJC_ROOT_CLASS = YES_ERROR;
				CLANG_WARN_RANGE_LOOP_ANALYSIS = YES;
				CLANG_WARN_STRICT_PROTOTYPES = YES;
				CLANG_WARN_SUSPICIOUS_MOVE = YES;
				CLANG_WARN_UNGUARDED_AVAILABILITY = YES_AGGRESSIVE;
				CLANG_WARN_UNREACHABLE_CODE = YES;
				CLANG_WARN__DUPLICATE_METHOD_MATCH = YES;
				CODE_SIGN_IDENTITY = "iPhone Developer";
				COPY_PHASE_STRIP = NO;
				DEBUG_INFORMATION_FORMAT = "dwarf-with-dsym";
				ENABLE_NS_ASSERTIONS = NO;
				ENABLE_STRICT_OBJC_MSGSEND = YES;
				GCC_C_LANGUAGE_STANDARD = gnu11;
				GCC_NO_COMMON_BLOCKS = YES;
				GCC_WARN_64_TO_32_BIT_CONVERSION = YES;
				GCC_WARN_ABOUT_RETURN_TYPE = YES_ERROR;
				GCC_WARN_UNDECLARED_SELECTOR = YES;
				GCC_WARN_UNINITIALIZED_AUTOS = YES_AGGRESSIVE;
				GCC_WARN_UNUSED_FUNCTION = YES;
				GCC_WARN_UNUSED_VARIABLE = YES;
				IPHONEOS_DEPLOYMENT_TARGET = 12.2;
				MTL_ENABLE_DEBUG_INFO = NO;
				MTL_FAST_MATH = YES;
				SDKROOT = iphoneos;
				SWIFT_COMPILATION_MODE = wholemodule;
				SWIFT_OPTIMIZATION_LEVEL = "-O";
				VALIDATE_PRODUCT = YES;
			};
			name = Release;
		};
		3ADCC7BC22BC3EFE00F9E580 /* Debug */ = {
			isa = XCBuildConfiguration;
			baseConfigurationReference = 02A159936D3568875F69814D /* Pods-HairPairSchedule.debug.xcconfig */;
			buildSettings = {
				ASSETCATALOG_COMPILER_APPICON_NAME = AppIcon;
				CODE_SIGN_STYLE = Automatic;
				INFOPLIST_FILE = HairPairSchedule/Info.plist;
				LD_RUNPATH_SEARCH_PATHS = (
					"$(inherited)",
					"@executable_path/Frameworks",
				);
				PRODUCT_BUNDLE_IDENTIFIER = edu.umd.juvo1998.HairPairSchedule;
				PRODUCT_NAME = "$(TARGET_NAME)";
				SWIFT_VERSION = 5.0;
				TARGETED_DEVICE_FAMILY = "1,2";
			};
			name = Debug;
		};
		3ADCC7BD22BC3EFE00F9E580 /* Release */ = {
			isa = XCBuildConfiguration;
			baseConfigurationReference = FC5322362610C5BD582775C3 /* Pods-HairPairSchedule.release.xcconfig */;
			buildSettings = {
				ASSETCATALOG_COMPILER_APPICON_NAME = AppIcon;
				CODE_SIGN_STYLE = Automatic;
				INFOPLIST_FILE = HairPairSchedule/Info.plist;
				LD_RUNPATH_SEARCH_PATHS = (
					"$(inherited)",
					"@executable_path/Frameworks",
				);
				PRODUCT_BUNDLE_IDENTIFIER = edu.umd.juvo1998.HairPairSchedule;
				PRODUCT_NAME = "$(TARGET_NAME)";
				SWIFT_VERSION = 5.0;
				TARGETED_DEVICE_FAMILY = "1,2";
			};
			name = Release;
		};
/* End XCBuildConfiguration section */

/* Begin XCConfigurationList section */
		3ADCC7A122BC3EFD00F9E580 /* Build configuration list for PBXProject "HairPairSchedule" */ = {
			isa = XCConfigurationList;
			buildConfigurations = (
				3ADCC7B922BC3EFE00F9E580 /* Debug */,
				3ADCC7BA22BC3EFE00F9E580 /* Release */,
			);
			defaultConfigurationIsVisible = 0;
			defaultConfigurationName = Release;
		};
		3ADCC7BB22BC3EFE00F9E580 /* Build configuration list for PBXNativeTarget "HairPairSchedule" */ = {
			isa = XCConfigurationList;
			buildConfigurations = (
				3ADCC7BC22BC3EFE00F9E580 /* Debug */,
				3ADCC7BD22BC3EFE00F9E580 /* Release */,
			);
			defaultConfigurationIsVisible = 0;
			defaultConfigurationName = Release;
		};
/* End XCConfigurationList section */

/* Begin XCVersionGroup section */
		3ADCC7B022BC3EFD00F9E580 /* HairPairSchedule.xcdatamodeld */ = {
			isa = XCVersionGroup;
			children = (
				3ADCC7B122BC3EFD00F9E580 /* HairPairSchedule.xcdatamodel */,
			);
			currentVersion = 3ADCC7B122BC3EFD00F9E580 /* HairPairSchedule.xcdatamodel */;
			path = HairPairSchedule.xcdatamodeld;
			sourceTree = "<group>";
			versionGroupType = wrapper.xcdatamodel;
		};
/* End XCVersionGroup section */
	};
	rootObject = 3ADCC79E22BC3EFD00F9E580 /* Project object */;
}
